
Microsoft Visual Studio Solution File, Format Version 12.00
# Visual Studio 15
VisualStudioVersion = 15.0.28307.1062
MinimumVisualStudioVersion = 10.0.40219.1
Project("{9A19103F-16F7-4668-BE54-9A1E7A4F7556}") = "16ClassesHW", "16ClassesHW\16ClassesHW.csproj", "{56A007FF-09D7-4FF4-86B0-89EDE5A5E715}"
EndProject
Project("{9A19103F-16F7-4668-BE54-9A1E7A4F7556}") = "Ex2", "Ex2\Ex2.csproj", "{2930EEA2-4EAF-489B-8E44-59293C7C5447}"
EndProject
Project("{FAE04EC0-301F-11D3-BF4B-00C04F79EFBC}") = "Ex3", "Ex3\Ex3.csproj", "{195BC366-C463-4493-8CE7-39CC7FE3159F}"
EndProject
Project("{FAE04EC0-301F-11D3-BF4B-00C04F79EFBC}") = "Ex4", "Ex4\Ex4.csproj", "{ADCF6536-06F1-4728-8C35-8F6151A58C2D}"
EndProject
Global
	GlobalSection(SolutionConfigurationPlatforms) = preSolution
		Debug|Any CPU = Debug|Any CPU
		Release|Any CPU = Release|Any CPU
	EndGlobalSection
	GlobalSection(ProjectConfigurationPlatforms) = postSolution
		{56A007FF-09D7-4FF4-86B0-89EDE5A5E715}.Debug|Any CPU.ActiveCfg = Debug|Any CPU
		{56A007FF-09D7-4FF4-86B0-89EDE5A5E715}.Debug|Any CPU.Build.0 = Debug|Any CPU
		{56A007FF-09D7-4FF4-86B0-89EDE5A5E715}.Release|Any CPU.ActiveCfg = Release|Any CPU
		{56A007FF-09D7-4FF4-86B0-89EDE5A5E715}.Release|Any CPU.Build.0 = Release|Any CPU
		{2930EEA2-4EAF-489B-8E44-59293C7C5447}.Debug|Any CPU.ActiveCfg = Debug|Any CPU
		{2930EEA2-4EAF-489B-8E44-59293C7C5447}.Debug|Any CPU.Build.0 = Debug|Any CPU
		{2930EEA2-4EAF-489B-8E44-59293C7C5447}.Release|Any CPU.ActiveCfg = Release|Any CPU
		{2930EEA2-4EAF-489B-8E44-59293C7C5447}.Release|Any CPU.Build.0 = Release|Any CPU
		{195BC366-C463-4493-8CE7-39CC7FE3159F}.Debug|Any CPU.ActiveCfg = Debug|Any CPU
		{195BC366-C463-4493-8CE7-39CC7FE3159F}.Debug|Any CPU.Build.0 = Debug|Any CPU
		{195BC366-C463-4493-8CE7-39CC7FE3159F}.Release|Any CPU.ActiveCfg = Release|Any CPU
		{195BC366-C463-4493-8CE7-39CC7FE3159F}.Release|Any CPU.Build.0 = Release|Any CPU
		{ADCF6536-06F1-4728-8C35-8F6151A58C2D}.Debug|Any CPU.ActiveCfg = Debug|Any CPU
		{ADCF6536-06F1-4728-8C35-8F6151A58C2D}.Debug|Any CPU.Build.0 = Debug|Any CPU
		{ADCF6536-06F1-4728-8C35-8F6151A58C2D}.Release|Any CPU.ActiveCfg = Release|Any CPU
		{ADCF6536-06F1-4728-8C35-8F6151A58C2D}.Release|Any CPU.Build.0 = Release|Any CPU
	EndGlobalSection
	GlobalSection(SolutionProperties) = preSolution
		HideSolutionNode = FALSE
	EndGlobalSection
	GlobalSection(ExtensibilityGlobals) = postSolution
		SolutionGuid = {3E2B7DCA-F4C0-4194-9E29-2E9055375706}
	EndGlobalSection
EndGlobal
